
Microsoft Visual Studio Solution File, Format Version 12.00
# Visual Studio Version 17
VisualStudioVersion = 17.1.32228.430
MinimumVisualStudioVersion = 10.0.40219.1
Project("{FAE04EC0-301F-11D3-BF4B-00C04F79EFBC}") = "Helendo-Back", "Helendo-Back\Helendo-Back.csproj", "{DC7CE1DE-BA26-4636-A38F-56E6F75A61DB}"
EndProject
Project("{FAE04EC0-301F-11D3-BF4B-00C04F79EFBC}") = "Business", "Business\Business.csproj", "{4D27706E-5BC2-4687-A7C1-A46D7E39493D}"
EndProject
Project("{FAE04EC0-301F-11D3-BF4B-00C04F79EFBC}") = "DAL", "DAL\DAL.csproj", "{D94FD153-A9B2-4B9D-875B-1F04DEBD6146}"
EndProject
Project("{FAE04EC0-301F-11D3-BF4B-00C04F79EFBC}") = "Core", "Core\Core.csproj", "{6ED2A5FA-D9B6-4C13-A14B-A7C3A418DC6C}"
EndProject
Project("{FAE04EC0-301F-11D3-BF4B-00C04F79EFBC}") = "Exceptions", "Exceptions\Exceptions.csproj", "{73CEF3BC-4B54-4D5D-B51C-B543B2A0D578}"
EndProject
Global
	GlobalSection(SolutionConfigurationPlatforms) = preSolution
		Debug|Any CPU = Debug|Any CPU
		Release|Any CPU = Release|Any CPU
	EndGlobalSection
	GlobalSection(ProjectConfigurationPlatforms) = postSolution
		{DC7CE1DE-BA26-4636-A38F-56E6F75A61DB}.Debug|Any CPU.ActiveCfg = Debug|Any CPU
		{DC7CE1DE-BA26-4636-A38F-56E6F75A61DB}.Debug|Any CPU.Build.0 = Debug|Any CPU
		{DC7CE1DE-BA26-4636-A38F-56E6F75A61DB}.Release|Any CPU.ActiveCfg = Release|Any CPU
		{DC7CE1DE-BA26-4636-A38F-56E6F75A61DB}.Release|Any CPU.Build.0 = Release|Any CPU
		{4D27706E-5BC2-4687-A7C1-A46D7E39493D}.Debug|Any CPU.ActiveCfg = Debug|Any CPU
		{4D27706E-5BC2-4687-A7C1-A46D7E39493D}.Debug|Any CPU.Build.0 = Debug|Any CPU
		{4D27706E-5BC2-4687-A7C1-A46D7E39493D}.Release|Any CPU.ActiveCfg = Release|Any CPU
		{4D27706E-5BC2-4687-A7C1-A46D7E39493D}.Release|Any CPU.Build.0 = Release|Any CPU
		{D94FD153-A9B2-4B9D-875B-1F04DEBD6146}.Debug|Any CPU.ActiveCfg = Debug|Any CPU
		{D94FD153-A9B2-4B9D-875B-1F04DEBD6146}.Debug|Any CPU.Build.0 = Debug|Any CPU
		{D94FD153-A9B2-4B9D-875B-1F04DEBD6146}.Release|Any CPU.ActiveCfg = Release|Any CPU
		{D94FD153-A9B2-4B9D-875B-1F04DEBD6146}.Release|Any CPU.Build.0 = Release|Any CPU
		{6ED2A5FA-D9B6-4C13-A14B-A7C3A418DC6C}.Debug|Any CPU.ActiveCfg = Debug|Any CPU
		{6ED2A5FA-D9B6-4C13-A14B-A7C3A418DC6C}.Debug|Any CPU.Build.0 = Debug|Any CPU
		{6ED2A5FA-D9B6-4C13-A14B-A7C3A418DC6C}.Release|Any CPU.ActiveCfg = Release|Any CPU
		{6ED2A5FA-D9B6-4C13-A14B-A7C3A418DC6C}.Release|Any CPU.Build.0 = Release|Any CPU
		{73CEF3BC-4B54-4D5D-B51C-B543B2A0D578}.Debug|Any CPU.ActiveCfg = Debug|Any CPU
		{73CEF3BC-4B54-4D5D-B51C-B543B2A0D578}.Debug|Any CPU.Build.0 = Debug|Any CPU
		{73CEF3BC-4B54-4D5D-B51C-B543B2A0D578}.Release|Any CPU.ActiveCfg = Release|Any CPU
		{73CEF3BC-4B54-4D5D-B51C-B543B2A0D578}.Release|Any CPU.Build.0 = Release|Any CPU
	EndGlobalSection
	GlobalSection(SolutionProperties) = preSolution
		HideSolutionNode = FALSE
	EndGlobalSection
	GlobalSection(ExtensibilityGlobals) = postSolution
		SolutionGuid = {9684778D-94F0-4551-9163-5ABC60E20B19}
	EndGlobalSection
EndGlobal
